
Microsoft Visual Studio Solution File, Format Version 12.00
# Visual Studio Version 16
VisualStudioVersion = 16.0.29306.81
MinimumVisualStudioVersion = 10.0.40219.1
Project("{9A19103F-16F7-4668-BE54-9A1E7A4F7556}") = "Countr.Core", "Countr\Countr.Core\Countr.Core.csproj", "{4F7170E6-668D-46F8-B3DC-4C707E6EDAB7}"
EndProject
Project("{FAE04EC0-301F-11D3-BF4B-00C04F79EFBC}") = "Countr.Droid", "Countr\Countr.Droid\Countr.Droid.csproj", "{4F36FAB5-25AE-461F-9FAD-8A4D545F6A48}"
EndProject
Project("{FAE04EC0-301F-11D3-BF4B-00C04F79EFBC}") = "Countr.iOS", "Countr\Countr.iOS\Countr.iOS.csproj", "{1C4DD06E-541D-48E3-8D11-2D52A4BDBC3A}"
EndProject
Project("{FAE04EC0-301F-11D3-BF4B-00C04F79EFBC}") = "Countr.WPF", "Countr\Countr.WPF\Countr.WPF.csproj", "{8EDC3015-756D-4BB1-93B0-9EA1AEA605CE}"
EndProject
Project("{FAE04EC0-301F-11D3-BF4B-00C04F79EFBC}") = "Countr.Core.Tests", "Countr.Core.Tests\Countr.Core.Tests.csproj", "{2B4121CF-1B39-4DA6-A5EE-2F6D9B04A44A}"
EndProject
Global
	GlobalSection(SolutionConfigurationPlatforms) = preSolution
		Ad-Hoc|Any CPU = Ad-Hoc|Any CPU
		Ad-Hoc|iPhone = Ad-Hoc|iPhone
		Ad-Hoc|iPhoneSimulator = Ad-Hoc|iPhoneSimulator
		AppStore|Any CPU = AppStore|Any CPU
		AppStore|iPhone = AppStore|iPhone
		AppStore|iPhoneSimulator = AppStore|iPhoneSimulator
		Debug|Any CPU = Debug|Any CPU
		Debug|iPhone = Debug|iPhone
		Debug|iPhoneSimulator = Debug|iPhoneSimulator
		Release|Any CPU = Release|Any CPU
		Release|iPhone = Release|iPhone
		Release|iPhoneSimulator = Release|iPhoneSimulator
	EndGlobalSection
	GlobalSection(ProjectConfigurationPlatforms) = postSolution
		{4F7170E6-668D-46F8-B3DC-4C707E6EDAB7}.Ad-Hoc|Any CPU.ActiveCfg = Debug|Any CPU
		{4F7170E6-668D-46F8-B3DC-4C707E6EDAB7}.Ad-Hoc|Any CPU.Build.0 = Debug|Any CPU
		{4F7170E6-668D-46F8-B3DC-4C707E6EDAB7}.Ad-Hoc|iPhone.ActiveCfg = Debug|Any CPU
		{4F7170E6-668D-46F8-B3DC-4C707E6EDAB7}.Ad-Hoc|iPhone.Build.0 = Debug|Any CPU
		{4F7170E6-668D-46F8-B3DC-4C707E6EDAB7}.Ad-Hoc|iPhoneSimulator.ActiveCfg = Debug|Any CPU
		{4F7170E6-668D-46F8-B3DC-4C707E6EDAB7}.Ad-Hoc|iPhoneSimulator.Build.0 = Debug|Any CPU
		{4F7170E6-668D-46F8-B3DC-4C707E6EDAB7}.AppStore|Any CPU.ActiveCfg = Debug|Any CPU
		{4F7170E6-668D-46F8-B3DC-4C707E6EDAB7}.AppStore|Any CPU.Build.0 = Debug|Any CPU
		{4F7170E6-668D-46F8-B3DC-4C707E6EDAB7}.AppStore|iPhone.ActiveCfg = Debug|Any CPU
		{4F7170E6-668D-46F8-B3DC-4C707E6EDAB7}.AppStore|iPhone.Build.0 = Debug|Any CPU
		{4F7170E6-668D-46F8-B3DC-4C707E6EDAB7}.AppStore|iPhoneSimulator.ActiveCfg = Debug|Any CPU
		{4F7170E6-668D-46F8-B3DC-4C707E6EDAB7}.AppStore|iPhoneSimulator.Build.0 = Debug|Any CPU
		{4F7170E6-668D-46F8-B3DC-4C707E6EDAB7}.Debug|Any CPU.ActiveCfg = Debug|Any CPU
		{4F7170E6-668D-46F8-B3DC-4C707E6EDAB7}.Debug|Any CPU.Build.0 = Debug|Any CPU
		{4F7170E6-668D-46F8-B3DC-4C707E6EDAB7}.Debug|iPhone.ActiveCfg = Debug|Any CPU
		{4F7170E6-668D-46F8-B3DC-4C707E6EDAB7}.Debug|iPhone.Build.0 = Debug|Any CPU
		{4F7170E6-668D-46F8-B3DC-4C707E6EDAB7}.Debug|iPhoneSimulator.ActiveCfg = Debug|Any CPU
		{4F7170E6-668D-46F8-B3DC-4C707E6EDAB7}.Debug|iPhoneSimulator.Build.0 = Debug|Any CPU
		{4F7170E6-668D-46F8-B3DC-4C707E6EDAB7}.Release|Any CPU.ActiveCfg = Release|Any CPU
		{4F7170E6-668D-46F8-B3DC-4C707E6EDAB7}.Release|Any CPU.Build.0 = Release|Any CPU
		{4F7170E6-668D-46F8-B3DC-4C707E6EDAB7}.Release|iPhone.ActiveCfg = Release|Any CPU
		{4F7170E6-668D-46F8-B3DC-4C707E6EDAB7}.Release|iPhone.Build.0 = Release|Any CPU
		{4F7170E6-668D-46F8-B3DC-4C707E6EDAB7}.Release|iPhoneSimulator.ActiveCfg = Release|Any CPU
		{4F7170E6-668D-46F8-B3DC-4C707E6EDAB7}.Release|iPhoneSimulator.Build.0 = Release|Any CPU
		{4F36FAB5-25AE-461F-9FAD-8A4D545F6A48}.Ad-Hoc|Any CPU.ActiveCfg = Release|Any CPU
		{4F36FAB5-25AE-461F-9FAD-8A4D545F6A48}.Ad-Hoc|Any CPU.Build.0 = Release|Any CPU
		{4F36FAB5-25AE-461F-9FAD-8A4D545F6A48}.Ad-Hoc|Any CPU.Deploy.0 = Release|Any CPU
		{4F36FAB5-25AE-461F-9FAD-8A4D545F6A48}.Ad-Hoc|iPhone.ActiveCfg = Release|Any CPU
		{4F36FAB5-25AE-461F-9FAD-8A4D545F6A48}.Ad-Hoc|iPhone.Build.0 = Release|Any CPU
		{4F36FAB5-25AE-461F-9FAD-8A4D545F6A48}.Ad-Hoc|iPhone.Deploy.0 = Release|Any CPU
		{4F36FAB5-25AE-461F-9FAD-8A4D545F6A48}.Ad-Hoc|iPhoneSimulator.ActiveCfg = Release|Any CPU
		{4F36FAB5-25AE-461F-9FAD-8A4D545F6A48}.Ad-Hoc|iPhoneSimulator.Build.0 = Release|Any CPU
		{4F36FAB5-25AE-461F-9FAD-8A4D545F6A48}.Ad-Hoc|iPhoneSimulator.Deploy.0 = Release|Any CPU
		{4F36FAB5-25AE-461F-9FAD-8A4D545F6A48}.AppStore|Any CPU.ActiveCfg = Release|Any CPU
		{4F36FAB5-25AE-461F-9FAD-8A4D545F6A48}.AppStore|Any CPU.Build.0 = Release|Any CPU
		{4F36FAB5-25AE-461F-9FAD-8A4D545F6A48}.AppStore|Any CPU.Deploy.0 = Release|Any CPU
		{4F36FAB5-25AE-461F-9FAD-8A4D545F6A48}.AppStore|iPhone.ActiveCfg = Release|Any CPU
		{4F36FAB5-25AE-461F-9FAD-8A4D545F6A48}.AppStore|iPhone.Build.0 = Release|Any CPU
		{4F36FAB5-25AE-461F-9FAD-8A4D545F6A48}.AppStore|iPhone.Deploy.0 = Release|Any CPU
		{4F36FAB5-25AE-461F-9FAD-8A4D545F6A48}.AppStore|iPhoneSimulator.ActiveCfg = Release|Any CPU
		{4F36FAB5-25AE-461F-9FAD-8A4D545F6A48}.AppStore|iPhoneSimulator.Build.0 = Release|Any CPU
		{4F36FAB5-25AE-461F-9FAD-8A4D545F6A48}.AppStore|iPhoneSimulator.Deploy.0 = Release|Any CPU
		{4F36FAB5-25AE-461F-9FAD-8A4D545F6A48}.Debug|Any CPU.ActiveCfg = Debug|Any CPU
		{4F36FAB5-25AE-461F-9FAD-8A4D545F6A48}.Debug|Any CPU.Build.0 = Debug|Any CPU
		{4F36FAB5-25AE-461F-9FAD-8A4D545F6A48}.Debug|Any CPU.Deploy.0 = Debug|Any CPU
		{4F36FAB5-25AE-461F-9FAD-8A4D545F6A48}.Debug|iPhone.ActiveCfg = Debug|Any CPU
		{4F36FAB5-25AE-461F-9FAD-8A4D545F6A48}.Debug|iPhone.Build.0 = Debug|Any CPU
		{4F36FAB5-25AE-461F-9FAD-8A4D545F6A48}.Debug|iPhone.Deploy.0 = Debug|Any CPU
		{4F36FAB5-25AE-461F-9FAD-8A4D545F6A48}.Debug|iPhoneSimulator.ActiveCfg = Debug|Any CPU
		{4F36FAB5-25AE-461F-9FAD-8A4D545F6A48}.Debug|iPhoneSimulator.Build.0 = Debug|Any CPU
		{4F36FAB5-25AE-461F-9FAD-8A4D545F6A48}.Debug|iPhoneSimulator.Deploy.0 = Debug|Any CPU
		{4F36FAB5-25AE-461F-9FAD-8A4D545F6A48}.Release|Any CPU.ActiveCfg = Release|Any CPU
		{4F36FAB5-25AE-461F-9FAD-8A4D545F6A48}.Release|Any CPU.Build.0 = Release|Any CPU
		{4F36FAB5-25AE-461F-9FAD-8A4D545F6A48}.Release|Any CPU.Deploy.0 = Release|Any CPU
		{4F36FAB5-25AE-461F-9FAD-8A4D545F6A48}.Release|iPhone.ActiveCfg = Release|Any CPU
		{4F36FAB5-25AE-461F-9FAD-8A4D545F6A48}.Release|iPhone.Build.0 = Release|Any CPU
		{4F36FAB5-25AE-461F-9FAD-8A4D545F6A48}.Release|iPhone.Deploy.0 = Release|Any CPU
		{4F36FAB5-25AE-461F-9FAD-8A4D545F6A48}.Release|iPhoneSimulator.ActiveCfg = Release|Any CPU
		{4F36FAB5-25AE-461F-9FAD-8A4D545F6A48}.Release|iPhoneSimulator.Build.0 = Release|Any CPU
		{4F36FAB5-25AE-461F-9FAD-8A4D545F6A48}.Release|iPhoneSimulator.Deploy.0 = Release|Any CPU
		{1C4DD06E-541D-48E3-8D11-2D52A4BDBC3A}.Ad-Hoc|Any CPU.ActiveCfg = Ad-Hoc|iPhone
		{1C4DD06E-541D-48E3-8D11-2D52A4BDBC3A}.Ad-Hoc|iPhone.ActiveCfg = Ad-Hoc|iPhone
		{1C4DD06E-541D-48E3-8D11-2D52A4BDBC3A}.Ad-Hoc|iPhone.Build.0 = Ad-Hoc|iPhone
		{1C4DD06E-541D-48E3-8D11-2D52A4BDBC3A}.Ad-Hoc|iPhoneSimulator.ActiveCfg = Ad-Hoc|iPhoneSimulator
		{1C4DD06E-541D-48E3-8D11-2D52A4BDBC3A}.Ad-Hoc|iPhoneSimulator.Build.0 = Ad-Hoc|iPhoneSimulator
		{1C4DD06E-541D-48E3-8D11-2D52A4BDBC3A}.AppStore|Any CPU.ActiveCfg = AppStore|iPhone
		{1C4DD06E-541D-48E3-8D11-2D52A4BDBC3A}.AppStore|iPhone.ActiveCfg = AppStore|iPhone
		{1C4DD06E-541D-48E3-8D11-2D52A4BDBC3A}.AppStore|iPhone.Build.0 = AppStore|iPhone
		{1C4DD06E-541D-48E3-8D11-2D52A4BDBC3A}.AppStore|iPhoneSimulator.ActiveCfg = AppStore|iPhoneSimulator
		{1C4DD06E-541D-48E3-8D11-2D52A4BDBC3A}.AppStore|iPhoneSimulator.Build.0 = AppStore|iPhoneSimulator
		{1C4DD06E-541D-48E3-8D11-2D52A4BDBC3A}.Debug|Any CPU.ActiveCfg = Debug|iPhone
		{1C4DD06E-541D-48E3-8D11-2D52A4BDBC3A}.Debug|iPhone.ActiveCfg = Debug|iPhone
		{1C4DD06E-541D-48E3-8D11-2D52A4BDBC3A}.Debug|iPhone.Build.0 = Debug|iPhone
		{1C4DD06E-541D-48E3-8D11-2D52A4BDBC3A}.Debug|iPhoneSimulator.ActiveCfg = Debug|iPhoneSimulator
		{1C4DD06E-541D-48E3-8D11-2D52A4BDBC3A}.Debug|iPhoneSimulator.Build.0 = Debug|iPhoneSimulator
		{1C4DD06E-541D-48E3-8D11-2D52A4BDBC3A}.Release|Any CPU.ActiveCfg = Release|iPhone
		{1C4DD06E-541D-48E3-8D11-2D52A4BDBC3A}.Release|iPhone.ActiveCfg = Release|iPhone
		{1C4DD06E-541D-48E3-8D11-2D52A4BDBC3A}.Release|iPhone.Build.0 = Release|iPhone
		{1C4DD06E-541D-48E3-8D11-2D52A4BDBC3A}.Release|iPhoneSimulator.ActiveCfg = Release|iPhoneSimulator
		{1C4DD06E-541D-48E3-8D11-2D52A4BDBC3A}.Release|iPhoneSimulator.Build.0 = Release|iPhoneSimulator
		{8EDC3015-756D-4BB1-93B0-9EA1AEA605CE}.Ad-Hoc|Any CPU.ActiveCfg = Release|Any CPU
		{8EDC3015-756D-4BB1-93B0-9EA1AEA605CE}.Ad-Hoc|Any CPU.Build.0 = Release|Any CPU
		{8EDC3015-756D-4BB1-93B0-9EA1AEA605CE}.Ad-Hoc|iPhone.ActiveCfg = Release|Any CPU
		{8EDC3015-756D-4BB1-93B0-9EA1AEA605CE}.Ad-Hoc|iPhone.Build.0 = Release|Any CPU
		{8EDC3015-756D-4BB1-93B0-9EA1AEA605CE}.Ad-Hoc|iPhoneSimulator.ActiveCfg = Release|Any CPU
		{8EDC3015-756D-4BB1-93B0-9EA1AEA605CE}.Ad-Hoc|iPhoneSimulator.Build.0 = Release|Any CPU
		{8EDC3015-756D-4BB1-93B0-9EA1AEA605CE}.AppStore|Any CPU.ActiveCfg = Release|Any CPU
		{8EDC3015-756D-4BB1-93B0-9EA1AEA605CE}.AppStore|Any CPU.Build.0 = Release|Any CPU
		{8EDC3015-756D-4BB1-93B0-9EA1AEA605CE}.AppStore|iPhone.ActiveCfg = Release|Any CPU
		{8EDC3015-756D-4BB1-93B0-9EA1AEA605CE}.AppStore|iPhone.Build.0 = Release|Any CPU
		{8EDC3015-756D-4BB1-93B0-9EA1AEA605CE}.AppStore|iPhoneSimulator.ActiveCfg = Release|Any CPU
		{8EDC3015-756D-4BB1-93B0-9EA1AEA605CE}.AppStore|iPhoneSimulator.Build.0 = Release|Any CPU
		{8EDC3015-756D-4BB1-93B0-9EA1AEA605CE}.Debug|Any CPU.ActiveCfg = Debug|Any CPU
		{8EDC3015-756D-4BB1-93B0-9EA1AEA605CE}.Debug|Any CPU.Build.0 = Debug|Any CPU
		{8EDC3015-756D-4BB1-93B0-9EA1AEA605CE}.Debug|iPhone.ActiveCfg = Debug|Any CPU
		{8EDC3015-756D-4BB1-93B0-9EA1AEA605CE}.Debug|iPhone.Build.0 = Debug|Any CPU
		{8EDC3015-756D-4BB1-93B0-9EA1AEA605CE}.Debug|iPhoneSimulator.ActiveCfg = Debug|Any CPU
		{8EDC3015-756D-4BB1-93B0-9EA1AEA605CE}.Debug|iPhoneSimulator.Build.0 = Debug|Any CPU
		{8EDC3015-756D-4BB1-93B0-9EA1AEA605CE}.Release|Any CPU.ActiveCfg = Release|Any CPU
		{8EDC3015-756D-4BB1-93B0-9EA1AEA605CE}.Release|Any CPU.Build.0 = Release|Any CPU
		{8EDC3015-756D-4BB1-93B0-9EA1AEA605CE}.Release|iPhone.ActiveCfg = Release|Any CPU
		{8EDC3015-756D-4BB1-93B0-9EA1AEA605CE}.Release|iPhone.Build.0 = Release|Any CPU
		{8EDC3015-756D-4BB1-93B0-9EA1AEA605CE}.Release|iPhoneSimulator.ActiveCfg = Release|Any CPU
		{8EDC3015-756D-4BB1-93B0-9EA1AEA605CE}.Release|iPhoneSimulator.Build.0 = Release|Any CPU
		{2B4121CF-1B39-4DA6-A5EE-2F6D9B04A44A}.Ad-Hoc|Any CPU.ActiveCfg = Release|Any CPU
		{2B4121CF-1B39-4DA6-A5EE-2F6D9B04A44A}.Ad-Hoc|Any CPU.Build.0 = Release|Any CPU
		{2B4121CF-1B39-4DA6-A5EE-2F6D9B04A44A}.Ad-Hoc|iPhone.ActiveCfg = Release|Any CPU
		{2B4121CF-1B39-4DA6-A5EE-2F6D9B04A44A}.Ad-Hoc|iPhone.Build.0 = Release|Any CPU
		{2B4121CF-1B39-4DA6-A5EE-2F6D9B04A44A}.Ad-Hoc|iPhoneSimulator.ActiveCfg = Release|Any CPU
		{2B4121CF-1B39-4DA6-A5EE-2F6D9B04A44A}.Ad-Hoc|iPhoneSimulator.Build.0 = Release|Any CPU
		{2B4121CF-1B39-4DA6-A5EE-2F6D9B04A44A}.AppStore|Any CPU.ActiveCfg = Release|Any CPU
		{2B4121CF-1B39-4DA6-A5EE-2F6D9B04A44A}.AppStore|Any CPU.Build.0 = Release|Any CPU
		{2B4121CF-1B39-4DA6-A5EE-2F6D9B04A44A}.AppStore|iPhone.ActiveCfg = Release|Any CPU
		{2B4121CF-1B39-4DA6-A5EE-2F6D9B04A44A}.AppStore|iPhone.Build.0 = Release|Any CPU
		{2B4121CF-1B39-4DA6-A5EE-2F6D9B04A44A}.AppStore|iPhoneSimulator.ActiveCfg = Release|Any CPU
		{2B4121CF-1B39-4DA6-A5EE-2F6D9B04A44A}.AppStore|iPhoneSimulator.Build.0 = Release|Any CPU
		{2B4121CF-1B39-4DA6-A5EE-2F6D9B04A44A}.Debug|Any CPU.ActiveCfg = Debug|Any CPU
		{2B4121CF-1B39-4DA6-A5EE-2F6D9B04A44A}.Debug|Any CPU.Build.0 = Debug|Any CPU
		{2B4121CF-1B39-4DA6-A5EE-2F6D9B04A44A}.Debug|iPhone.ActiveCfg = Debug|Any CPU
		{2B4121CF-1B39-4DA6-A5EE-2F6D9B04A44A}.Debug|iPhone.Build.0 = Debug|Any CPU
		{2B4121CF-1B39-4DA6-A5EE-2F6D9B04A44A}.Debug|iPhoneSimulator.ActiveCfg = Debug|Any CPU
		{2B4121CF-1B39-4DA6-A5EE-2F6D9B04A44A}.Debug|iPhoneSimulator.Build.0 = Debug|Any CPU
		{2B4121CF-1B39-4DA6-A5EE-2F6D9B04A44A}.Release|Any CPU.ActiveCfg = Release|Any CPU
		{2B4121CF-1B39-4DA6-A5EE-2F6D9B04A44A}.Release|Any CPU.Build.0 = Release|Any CPU
		{2B4121CF-1B39-4DA6-A5EE-2F6D9B04A44A}.Release|iPhone.ActiveCfg = Release|Any CPU
		{2B4121CF-1B39-4DA6-A5EE-2F6D9B04A44A}.Release|iPhone.Build.0 = Release|Any CPU
		{2B4121CF-1B39-4DA6-A5EE-2F6D9B04A44A}.Release|iPhoneSimulator.ActiveCfg = Release|Any CPU
		{2B4121CF-1B39-4DA6-A5EE-2F6D9B04A44A}.Release|iPhoneSimulator.Build.0 = Release|Any CPU
	EndGlobalSection
	GlobalSection(SolutionProperties) = preSolution
		HideSolutionNode = FALSE
	EndGlobalSection
	GlobalSection(ExtensibilityGlobals) = postSolution
		SolutionGuid = {E346A20F-03D4-4384-BB1C-93B1F84EF549}
	EndGlobalSection
EndGlobal
