
Microsoft Visual Studio Solution File, Format Version 12.00
# Visual Studio 15
VisualStudioVersion = 15.0.26730.12
MinimumVisualStudioVersion = 10.0.40219.1
Project("{FAE04EC0-301F-11D3-BF4B-00C04F79EFBC}") = "Countr.Droid", "Countr.Droid\Countr.Droid.csproj", "{4F36FAB5-25AE-461F-9FAD-8A4D545F6A48}"
EndProject
Project("{9A19103F-16F7-4668-BE54-9A1E7A4F7556}") = "Countr.Core", "Countr.Core\Countr.Core.csproj", "{6DEE65B2-72D7-4BEB-808E-AEB1B95BB233}"
EndProject
Project("{FAE04EC0-301F-11D3-BF4B-00C04F79EFBC}") = "Countr.iOS", "Countr.iOS\Countr.iOS.csproj", "{1C4DD06E-541D-48E3-8D11-2D52A4BDBC3A}"
EndProject
Project("{FAE04EC0-301F-11D3-BF4B-00C04F79EFBC}") = "Countr.UWP", "Countr.UWP\Countr.UWP.csproj", "{0161F539-19D4-4941-982B-05630CC96566}"
EndProject
Project("{FAE04EC0-301F-11D3-BF4B-00C04F79EFBC}") = "Countr.WPF", "Countr.WPF\Countr.WPF.csproj", "{8EDC3015-756D-4BB1-93B0-9EA1AEA605CE}"
EndProject
Global
	GlobalSection(SolutionConfigurationPlatforms) = preSolution
		Ad-Hoc|Any CPU = Ad-Hoc|Any CPU
		Ad-Hoc|ARM = Ad-Hoc|ARM
		Ad-Hoc|iPhone = Ad-Hoc|iPhone
		Ad-Hoc|iPhoneSimulator = Ad-Hoc|iPhoneSimulator
		Ad-Hoc|x64 = Ad-Hoc|x64
		Ad-Hoc|x86 = Ad-Hoc|x86
		AppStore|Any CPU = AppStore|Any CPU
		AppStore|ARM = AppStore|ARM
		AppStore|iPhone = AppStore|iPhone
		AppStore|iPhoneSimulator = AppStore|iPhoneSimulator
		AppStore|x64 = AppStore|x64
		AppStore|x86 = AppStore|x86
		Debug|Any CPU = Debug|Any CPU
		Debug|ARM = Debug|ARM
		Debug|iPhone = Debug|iPhone
		Debug|iPhoneSimulator = Debug|iPhoneSimulator
		Debug|x64 = Debug|x64
		Debug|x86 = Debug|x86
		Release|Any CPU = Release|Any CPU
		Release|ARM = Release|ARM
		Release|iPhone = Release|iPhone
		Release|iPhoneSimulator = Release|iPhoneSimulator
		Release|x64 = Release|x64
		Release|x86 = Release|x86
	EndGlobalSection
	GlobalSection(ProjectConfigurationPlatforms) = postSolution
		{4F36FAB5-25AE-461F-9FAD-8A4D545F6A48}.Ad-Hoc|Any CPU.ActiveCfg = Release|Any CPU
		{4F36FAB5-25AE-461F-9FAD-8A4D545F6A48}.Ad-Hoc|Any CPU.Build.0 = Release|Any CPU
		{4F36FAB5-25AE-461F-9FAD-8A4D545F6A48}.Ad-Hoc|Any CPU.Deploy.0 = Release|Any CPU
		{4F36FAB5-25AE-461F-9FAD-8A4D545F6A48}.Ad-Hoc|ARM.ActiveCfg = Release|Any CPU
		{4F36FAB5-25AE-461F-9FAD-8A4D545F6A48}.Ad-Hoc|ARM.Build.0 = Release|Any CPU
		{4F36FAB5-25AE-461F-9FAD-8A4D545F6A48}.Ad-Hoc|ARM.Deploy.0 = Release|Any CPU
		{4F36FAB5-25AE-461F-9FAD-8A4D545F6A48}.Ad-Hoc|iPhone.ActiveCfg = Release|Any CPU
		{4F36FAB5-25AE-461F-9FAD-8A4D545F6A48}.Ad-Hoc|iPhone.Build.0 = Release|Any CPU
		{4F36FAB5-25AE-461F-9FAD-8A4D545F6A48}.Ad-Hoc|iPhone.Deploy.0 = Release|Any CPU
		{4F36FAB5-25AE-461F-9FAD-8A4D545F6A48}.Ad-Hoc|iPhoneSimulator.ActiveCfg = Release|Any CPU
		{4F36FAB5-25AE-461F-9FAD-8A4D545F6A48}.Ad-Hoc|iPhoneSimulator.Build.0 = Release|Any CPU
		{4F36FAB5-25AE-461F-9FAD-8A4D545F6A48}.Ad-Hoc|iPhoneSimulator.Deploy.0 = Release|Any CPU
		{4F36FAB5-25AE-461F-9FAD-8A4D545F6A48}.Ad-Hoc|x64.ActiveCfg = Release|Any CPU
		{4F36FAB5-25AE-461F-9FAD-8A4D545F6A48}.Ad-Hoc|x64.Build.0 = Release|Any CPU
		{4F36FAB5-25AE-461F-9FAD-8A4D545F6A48}.Ad-Hoc|x64.Deploy.0 = Release|Any CPU
		{4F36FAB5-25AE-461F-9FAD-8A4D545F6A48}.Ad-Hoc|x86.ActiveCfg = Release|Any CPU
		{4F36FAB5-25AE-461F-9FAD-8A4D545F6A48}.Ad-Hoc|x86.Build.0 = Release|Any CPU
		{4F36FAB5-25AE-461F-9FAD-8A4D545F6A48}.Ad-Hoc|x86.Deploy.0 = Release|Any CPU
		{4F36FAB5-25AE-461F-9FAD-8A4D545F6A48}.AppStore|Any CPU.ActiveCfg = Release|Any CPU
		{4F36FAB5-25AE-461F-9FAD-8A4D545F6A48}.AppStore|Any CPU.Build.0 = Release|Any CPU
		{4F36FAB5-25AE-461F-9FAD-8A4D545F6A48}.AppStore|Any CPU.Deploy.0 = Release|Any CPU
		{4F36FAB5-25AE-461F-9FAD-8A4D545F6A48}.AppStore|ARM.ActiveCfg = Release|Any CPU
		{4F36FAB5-25AE-461F-9FAD-8A4D545F6A48}.AppStore|ARM.Build.0 = Release|Any CPU
		{4F36FAB5-25AE-461F-9FAD-8A4D545F6A48}.AppStore|ARM.Deploy.0 = Release|Any CPU
		{4F36FAB5-25AE-461F-9FAD-8A4D545F6A48}.AppStore|iPhone.ActiveCfg = Release|Any CPU
		{4F36FAB5-25AE-461F-9FAD-8A4D545F6A48}.AppStore|iPhone.Build.0 = Release|Any CPU
		{4F36FAB5-25AE-461F-9FAD-8A4D545F6A48}.AppStore|iPhone.Deploy.0 = Release|Any CPU
		{4F36FAB5-25AE-461F-9FAD-8A4D545F6A48}.AppStore|iPhoneSimulator.ActiveCfg = Release|Any CPU
		{4F36FAB5-25AE-461F-9FAD-8A4D545F6A48}.AppStore|iPhoneSimulator.Build.0 = Release|Any CPU
		{4F36FAB5-25AE-461F-9FAD-8A4D545F6A48}.AppStore|iPhoneSimulator.Deploy.0 = Release|Any CPU
		{4F36FAB5-25AE-461F-9FAD-8A4D545F6A48}.AppStore|x64.ActiveCfg = Release|Any CPU
		{4F36FAB5-25AE-461F-9FAD-8A4D545F6A48}.AppStore|x64.Build.0 = Release|Any CPU
		{4F36FAB5-25AE-461F-9FAD-8A4D545F6A48}.AppStore|x64.Deploy.0 = Release|Any CPU
		{4F36FAB5-25AE-461F-9FAD-8A4D545F6A48}.AppStore|x86.ActiveCfg = Release|Any CPU
		{4F36FAB5-25AE-461F-9FAD-8A4D545F6A48}.AppStore|x86.Build.0 = Release|Any CPU
		{4F36FAB5-25AE-461F-9FAD-8A4D545F6A48}.AppStore|x86.Deploy.0 = Release|Any CPU
		{4F36FAB5-25AE-461F-9FAD-8A4D545F6A48}.Debug|Any CPU.ActiveCfg = Debug|Any CPU
		{4F36FAB5-25AE-461F-9FAD-8A4D545F6A48}.Debug|Any CPU.Build.0 = Debug|Any CPU
		{4F36FAB5-25AE-461F-9FAD-8A4D545F6A48}.Debug|ARM.ActiveCfg = Debug|Any CPU
		{4F36FAB5-25AE-461F-9FAD-8A4D545F6A48}.Debug|ARM.Build.0 = Debug|Any CPU
		{4F36FAB5-25AE-461F-9FAD-8A4D545F6A48}.Debug|ARM.Deploy.0 = Debug|Any CPU
		{4F36FAB5-25AE-461F-9FAD-8A4D545F6A48}.Debug|iPhone.ActiveCfg = Debug|Any CPU
		{4F36FAB5-25AE-461F-9FAD-8A4D545F6A48}.Debug|iPhone.Build.0 = Debug|Any CPU
		{4F36FAB5-25AE-461F-9FAD-8A4D545F6A48}.Debug|iPhone.Deploy.0 = Debug|Any CPU
		{4F36FAB5-25AE-461F-9FAD-8A4D545F6A48}.Debug|iPhoneSimulator.ActiveCfg = Debug|Any CPU
		{4F36FAB5-25AE-461F-9FAD-8A4D545F6A48}.Debug|iPhoneSimulator.Build.0 = Debug|Any CPU
		{4F36FAB5-25AE-461F-9FAD-8A4D545F6A48}.Debug|iPhoneSimulator.Deploy.0 = Debug|Any CPU
		{4F36FAB5-25AE-461F-9FAD-8A4D545F6A48}.Debug|x64.ActiveCfg = Debug|Any CPU
		{4F36FAB5-25AE-461F-9FAD-8A4D545F6A48}.Debug|x64.Build.0 = Debug|Any CPU
		{4F36FAB5-25AE-461F-9FAD-8A4D545F6A48}.Debug|x64.Deploy.0 = Debug|Any CPU
		{4F36FAB5-25AE-461F-9FAD-8A4D545F6A48}.Debug|x86.ActiveCfg = Debug|Any CPU
		{4F36FAB5-25AE-461F-9FAD-8A4D545F6A48}.Debug|x86.Build.0 = Debug|Any CPU
		{4F36FAB5-25AE-461F-9FAD-8A4D545F6A48}.Debug|x86.Deploy.0 = Debug|Any CPU
		{4F36FAB5-25AE-461F-9FAD-8A4D545F6A48}.Release|Any CPU.ActiveCfg = Release|Any CPU
		{4F36FAB5-25AE-461F-9FAD-8A4D545F6A48}.Release|ARM.ActiveCfg = Release|Any CPU
		{4F36FAB5-25AE-461F-9FAD-8A4D545F6A48}.Release|ARM.Build.0 = Release|Any CPU
		{4F36FAB5-25AE-461F-9FAD-8A4D545F6A48}.Release|ARM.Deploy.0 = Release|Any CPU
		{4F36FAB5-25AE-461F-9FAD-8A4D545F6A48}.Release|iPhone.ActiveCfg = Release|Any CPU
		{4F36FAB5-25AE-461F-9FAD-8A4D545F6A48}.Release|iPhone.Build.0 = Release|Any CPU
		{4F36FAB5-25AE-461F-9FAD-8A4D545F6A48}.Release|iPhone.Deploy.0 = Release|Any CPU
		{4F36FAB5-25AE-461F-9FAD-8A4D545F6A48}.Release|iPhoneSimulator.ActiveCfg = Release|Any CPU
		{4F36FAB5-25AE-461F-9FAD-8A4D545F6A48}.Release|iPhoneSimulator.Build.0 = Release|Any CPU
		{4F36FAB5-25AE-461F-9FAD-8A4D545F6A48}.Release|iPhoneSimulator.Deploy.0 = Release|Any CPU
		{4F36FAB5-25AE-461F-9FAD-8A4D545F6A48}.Release|x64.ActiveCfg = Release|Any CPU
		{4F36FAB5-25AE-461F-9FAD-8A4D545F6A48}.Release|x64.Build.0 = Release|Any CPU
		{4F36FAB5-25AE-461F-9FAD-8A4D545F6A48}.Release|x64.Deploy.0 = Release|Any CPU
		{4F36FAB5-25AE-461F-9FAD-8A4D545F6A48}.Release|x86.ActiveCfg = Release|Any CPU
		{4F36FAB5-25AE-461F-9FAD-8A4D545F6A48}.Release|x86.Build.0 = Release|Any CPU
		{4F36FAB5-25AE-461F-9FAD-8A4D545F6A48}.Release|x86.Deploy.0 = Release|Any CPU
		{6DEE65B2-72D7-4BEB-808E-AEB1B95BB233}.Ad-Hoc|Any CPU.ActiveCfg = Release|Any CPU
		{6DEE65B2-72D7-4BEB-808E-AEB1B95BB233}.Ad-Hoc|Any CPU.Build.0 = Release|Any CPU
		{6DEE65B2-72D7-4BEB-808E-AEB1B95BB233}.Ad-Hoc|ARM.ActiveCfg = Release|Any CPU
		{6DEE65B2-72D7-4BEB-808E-AEB1B95BB233}.Ad-Hoc|ARM.Build.0 = Release|Any CPU
		{6DEE65B2-72D7-4BEB-808E-AEB1B95BB233}.Ad-Hoc|iPhone.ActiveCfg = Release|Any CPU
		{6DEE65B2-72D7-4BEB-808E-AEB1B95BB233}.Ad-Hoc|iPhone.Build.0 = Release|Any CPU
		{6DEE65B2-72D7-4BEB-808E-AEB1B95BB233}.Ad-Hoc|iPhoneSimulator.ActiveCfg = Release|Any CPU
		{6DEE65B2-72D7-4BEB-808E-AEB1B95BB233}.Ad-Hoc|iPhoneSimulator.Build.0 = Release|Any CPU
		{6DEE65B2-72D7-4BEB-808E-AEB1B95BB233}.Ad-Hoc|x64.ActiveCfg = Release|Any CPU
		{6DEE65B2-72D7-4BEB-808E-AEB1B95BB233}.Ad-Hoc|x64.Build.0 = Release|Any CPU
		{6DEE65B2-72D7-4BEB-808E-AEB1B95BB233}.Ad-Hoc|x86.ActiveCfg = Release|Any CPU
		{6DEE65B2-72D7-4BEB-808E-AEB1B95BB233}.Ad-Hoc|x86.Build.0 = Release|Any CPU
		{6DEE65B2-72D7-4BEB-808E-AEB1B95BB233}.AppStore|Any CPU.ActiveCfg = Release|Any CPU
		{6DEE65B2-72D7-4BEB-808E-AEB1B95BB233}.AppStore|Any CPU.Build.0 = Release|Any CPU
		{6DEE65B2-72D7-4BEB-808E-AEB1B95BB233}.AppStore|ARM.ActiveCfg = Release|Any CPU
		{6DEE65B2-72D7-4BEB-808E-AEB1B95BB233}.AppStore|ARM.Build.0 = Release|Any CPU
		{6DEE65B2-72D7-4BEB-808E-AEB1B95BB233}.AppStore|iPhone.ActiveCfg = Release|Any CPU
		{6DEE65B2-72D7-4BEB-808E-AEB1B95BB233}.AppStore|iPhone.Build.0 = Release|Any CPU
		{6DEE65B2-72D7-4BEB-808E-AEB1B95BB233}.AppStore|iPhoneSimulator.ActiveCfg = Release|Any CPU
		{6DEE65B2-72D7-4BEB-808E-AEB1B95BB233}.AppStore|iPhoneSimulator.Build.0 = Release|Any CPU
		{6DEE65B2-72D7-4BEB-808E-AEB1B95BB233}.AppStore|x64.ActiveCfg = Release|Any CPU
		{6DEE65B2-72D7-4BEB-808E-AEB1B95BB233}.AppStore|x64.Build.0 = Release|Any CPU
		{6DEE65B2-72D7-4BEB-808E-AEB1B95BB233}.AppStore|x86.ActiveCfg = Release|Any CPU
		{6DEE65B2-72D7-4BEB-808E-AEB1B95BB233}.AppStore|x86.Build.0 = Release|Any CPU
		{6DEE65B2-72D7-4BEB-808E-AEB1B95BB233}.Debug|Any CPU.ActiveCfg = Debug|Any CPU
		{6DEE65B2-72D7-4BEB-808E-AEB1B95BB233}.Debug|Any CPU.Build.0 = Debug|Any CPU
		{6DEE65B2-72D7-4BEB-808E-AEB1B95BB233}.Debug|ARM.ActiveCfg = Debug|Any CPU
		{6DEE65B2-72D7-4BEB-808E-AEB1B95BB233}.Debug|ARM.Build.0 = Debug|Any CPU
		{6DEE65B2-72D7-4BEB-808E-AEB1B95BB233}.Debug|iPhone.ActiveCfg = Debug|Any CPU
		{6DEE65B2-72D7-4BEB-808E-AEB1B95BB233}.Debug|iPhone.Build.0 = Debug|Any CPU
		{6DEE65B2-72D7-4BEB-808E-AEB1B95BB233}.Debug|iPhoneSimulator.ActiveCfg = Debug|Any CPU
		{6DEE65B2-72D7-4BEB-808E-AEB1B95BB233}.Debug|iPhoneSimulator.Build.0 = Debug|Any CPU
		{6DEE65B2-72D7-4BEB-808E-AEB1B95BB233}.Debug|x64.ActiveCfg = Debug|Any CPU
		{6DEE65B2-72D7-4BEB-808E-AEB1B95BB233}.Debug|x64.Build.0 = Debug|Any CPU
		{6DEE65B2-72D7-4BEB-808E-AEB1B95BB233}.Debug|x86.ActiveCfg = Debug|Any CPU
		{6DEE65B2-72D7-4BEB-808E-AEB1B95BB233}.Debug|x86.Build.0 = Debug|Any CPU
		{6DEE65B2-72D7-4BEB-808E-AEB1B95BB233}.Release|Any CPU.ActiveCfg = Release|Any CPU
		{6DEE65B2-72D7-4BEB-808E-AEB1B95BB233}.Release|ARM.ActiveCfg = Release|Any CPU
		{6DEE65B2-72D7-4BEB-808E-AEB1B95BB233}.Release|ARM.Build.0 = Release|Any CPU
		{6DEE65B2-72D7-4BEB-808E-AEB1B95BB233}.Release|iPhone.ActiveCfg = Release|Any CPU
		{6DEE65B2-72D7-4BEB-808E-AEB1B95BB233}.Release|iPhone.Build.0 = Release|Any CPU
		{6DEE65B2-72D7-4BEB-808E-AEB1B95BB233}.Release|iPhoneSimulator.ActiveCfg = Release|Any CPU
		{6DEE65B2-72D7-4BEB-808E-AEB1B95BB233}.Release|iPhoneSimulator.Build.0 = Release|Any CPU
		{6DEE65B2-72D7-4BEB-808E-AEB1B95BB233}.Release|x64.ActiveCfg = Release|Any CPU
		{6DEE65B2-72D7-4BEB-808E-AEB1B95BB233}.Release|x64.Build.0 = Release|Any CPU
		{6DEE65B2-72D7-4BEB-808E-AEB1B95BB233}.Release|x86.ActiveCfg = Release|Any CPU
		{6DEE65B2-72D7-4BEB-808E-AEB1B95BB233}.Release|x86.Build.0 = Release|Any CPU
		{1C4DD06E-541D-48E3-8D11-2D52A4BDBC3A}.Ad-Hoc|Any CPU.ActiveCfg = Ad-Hoc|iPhone
		{1C4DD06E-541D-48E3-8D11-2D52A4BDBC3A}.Ad-Hoc|ARM.ActiveCfg = Ad-Hoc|iPhone
		{1C4DD06E-541D-48E3-8D11-2D52A4BDBC3A}.Ad-Hoc|iPhone.ActiveCfg = Ad-Hoc|iPhone
		{1C4DD06E-541D-48E3-8D11-2D52A4BDBC3A}.Ad-Hoc|iPhone.Build.0 = Ad-Hoc|iPhone
		{1C4DD06E-541D-48E3-8D11-2D52A4BDBC3A}.Ad-Hoc|iPhoneSimulator.ActiveCfg = Ad-Hoc|iPhoneSimulator
		{1C4DD06E-541D-48E3-8D11-2D52A4BDBC3A}.Ad-Hoc|iPhoneSimulator.Build.0 = Ad-Hoc|iPhoneSimulator
		{1C4DD06E-541D-48E3-8D11-2D52A4BDBC3A}.Ad-Hoc|x64.ActiveCfg = Ad-Hoc|iPhone
		{1C4DD06E-541D-48E3-8D11-2D52A4BDBC3A}.Ad-Hoc|x86.ActiveCfg = Ad-Hoc|iPhone
		{1C4DD06E-541D-48E3-8D11-2D52A4BDBC3A}.AppStore|Any CPU.ActiveCfg = AppStore|iPhone
		{1C4DD06E-541D-48E3-8D11-2D52A4BDBC3A}.AppStore|ARM.ActiveCfg = AppStore|iPhone
		{1C4DD06E-541D-48E3-8D11-2D52A4BDBC3A}.AppStore|iPhone.ActiveCfg = AppStore|iPhone
		{1C4DD06E-541D-48E3-8D11-2D52A4BDBC3A}.AppStore|iPhone.Build.0 = AppStore|iPhone
		{1C4DD06E-541D-48E3-8D11-2D52A4BDBC3A}.AppStore|iPhoneSimulator.ActiveCfg = AppStore|iPhoneSimulator
		{1C4DD06E-541D-48E3-8D11-2D52A4BDBC3A}.AppStore|iPhoneSimulator.Build.0 = AppStore|iPhoneSimulator
		{1C4DD06E-541D-48E3-8D11-2D52A4BDBC3A}.AppStore|x64.ActiveCfg = AppStore|iPhone
		{1C4DD06E-541D-48E3-8D11-2D52A4BDBC3A}.AppStore|x86.ActiveCfg = AppStore|iPhone
		{1C4DD06E-541D-48E3-8D11-2D52A4BDBC3A}.Debug|Any CPU.ActiveCfg = Debug|iPhoneSimulator
		{1C4DD06E-541D-48E3-8D11-2D52A4BDBC3A}.Debug|Any CPU.Build.0 = Debug|iPhoneSimulator
		{1C4DD06E-541D-48E3-8D11-2D52A4BDBC3A}.Debug|ARM.ActiveCfg = Debug|iPhone
		{1C4DD06E-541D-48E3-8D11-2D52A4BDBC3A}.Debug|iPhone.ActiveCfg = Debug|iPhone
		{1C4DD06E-541D-48E3-8D11-2D52A4BDBC3A}.Debug|iPhone.Build.0 = Debug|iPhone
		{1C4DD06E-541D-48E3-8D11-2D52A4BDBC3A}.Debug|iPhoneSimulator.ActiveCfg = Debug|iPhoneSimulator
		{1C4DD06E-541D-48E3-8D11-2D52A4BDBC3A}.Debug|iPhoneSimulator.Build.0 = Debug|iPhoneSimulator
		{1C4DD06E-541D-48E3-8D11-2D52A4BDBC3A}.Debug|x64.ActiveCfg = Debug|iPhone
		{1C4DD06E-541D-48E3-8D11-2D52A4BDBC3A}.Debug|x86.ActiveCfg = Debug|iPhone
		{1C4DD06E-541D-48E3-8D11-2D52A4BDBC3A}.Release|Any CPU.ActiveCfg = Release|iPhone
		{1C4DD06E-541D-48E3-8D11-2D52A4BDBC3A}.Release|ARM.ActiveCfg = Release|iPhone
		{1C4DD06E-541D-48E3-8D11-2D52A4BDBC3A}.Release|iPhone.ActiveCfg = Release|iPhone
		{1C4DD06E-541D-48E3-8D11-2D52A4BDBC3A}.Release|iPhone.Build.0 = Release|iPhone
		{1C4DD06E-541D-48E3-8D11-2D52A4BDBC3A}.Release|iPhoneSimulator.ActiveCfg = Release|iPhoneSimulator
		{1C4DD06E-541D-48E3-8D11-2D52A4BDBC3A}.Release|iPhoneSimulator.Build.0 = Release|iPhoneSimulator
		{1C4DD06E-541D-48E3-8D11-2D52A4BDBC3A}.Release|x64.ActiveCfg = Release|iPhone
		{1C4DD06E-541D-48E3-8D11-2D52A4BDBC3A}.Release|x86.ActiveCfg = Release|iPhone
		{0161F539-19D4-4941-982B-05630CC96566}.Ad-Hoc|Any CPU.ActiveCfg = Release|x64
		{0161F539-19D4-4941-982B-05630CC96566}.Ad-Hoc|Any CPU.Build.0 = Release|x64
		{0161F539-19D4-4941-982B-05630CC96566}.Ad-Hoc|Any CPU.Deploy.0 = Release|x64
		{0161F539-19D4-4941-982B-05630CC96566}.Ad-Hoc|ARM.ActiveCfg = Release|ARM
		{0161F539-19D4-4941-982B-05630CC96566}.Ad-Hoc|ARM.Build.0 = Release|ARM
		{0161F539-19D4-4941-982B-05630CC96566}.Ad-Hoc|ARM.Deploy.0 = Release|ARM
		{0161F539-19D4-4941-982B-05630CC96566}.Ad-Hoc|iPhone.ActiveCfg = Release|x64
		{0161F539-19D4-4941-982B-05630CC96566}.Ad-Hoc|iPhone.Build.0 = Release|x64
		{0161F539-19D4-4941-982B-05630CC96566}.Ad-Hoc|iPhone.Deploy.0 = Release|x64
		{0161F539-19D4-4941-982B-05630CC96566}.Ad-Hoc|iPhoneSimulator.ActiveCfg = Release|x64
		{0161F539-19D4-4941-982B-05630CC96566}.Ad-Hoc|iPhoneSimulator.Build.0 = Release|x64
		{0161F539-19D4-4941-982B-05630CC96566}.Ad-Hoc|iPhoneSimulator.Deploy.0 = Release|x64
		{0161F539-19D4-4941-982B-05630CC96566}.Ad-Hoc|x64.ActiveCfg = Release|x64
		{0161F539-19D4-4941-982B-05630CC96566}.Ad-Hoc|x64.Build.0 = Release|x64
		{0161F539-19D4-4941-982B-05630CC96566}.Ad-Hoc|x64.Deploy.0 = Release|x64
		{0161F539-19D4-4941-982B-05630CC96566}.Ad-Hoc|x86.ActiveCfg = Release|x86
		{0161F539-19D4-4941-982B-05630CC96566}.Ad-Hoc|x86.Build.0 = Release|x86
		{0161F539-19D4-4941-982B-05630CC96566}.Ad-Hoc|x86.Deploy.0 = Release|x86
		{0161F539-19D4-4941-982B-05630CC96566}.AppStore|Any CPU.ActiveCfg = Release|x64
		{0161F539-19D4-4941-982B-05630CC96566}.AppStore|Any CPU.Build.0 = Release|x64
		{0161F539-19D4-4941-982B-05630CC96566}.AppStore|Any CPU.Deploy.0 = Release|x64
		{0161F539-19D4-4941-982B-05630CC96566}.AppStore|ARM.ActiveCfg = Release|ARM
		{0161F539-19D4-4941-982B-05630CC96566}.AppStore|ARM.Build.0 = Release|ARM
		{0161F539-19D4-4941-982B-05630CC96566}.AppStore|ARM.Deploy.0 = Release|ARM
		{0161F539-19D4-4941-982B-05630CC96566}.AppStore|iPhone.ActiveCfg = Release|x64
		{0161F539-19D4-4941-982B-05630CC96566}.AppStore|iPhone.Build.0 = Release|x64
		{0161F539-19D4-4941-982B-05630CC96566}.AppStore|iPhone.Deploy.0 = Release|x64
		{0161F539-19D4-4941-982B-05630CC96566}.AppStore|iPhoneSimulator.ActiveCfg = Release|x64
		{0161F539-19D4-4941-982B-05630CC96566}.AppStore|iPhoneSimulator.Build.0 = Release|x64
		{0161F539-19D4-4941-982B-05630CC96566}.AppStore|iPhoneSimulator.Deploy.0 = Release|x64
		{0161F539-19D4-4941-982B-05630CC96566}.AppStore|x64.ActiveCfg = Release|x64
		{0161F539-19D4-4941-982B-05630CC96566}.AppStore|x64.Build.0 = Release|x64
		{0161F539-19D4-4941-982B-05630CC96566}.AppStore|x64.Deploy.0 = Release|x64
		{0161F539-19D4-4941-982B-05630CC96566}.AppStore|x86.ActiveCfg = Release|x86
		{0161F539-19D4-4941-982B-05630CC96566}.AppStore|x86.Build.0 = Release|x86
		{0161F539-19D4-4941-982B-05630CC96566}.AppStore|x86.Deploy.0 = Release|x86
		{0161F539-19D4-4941-982B-05630CC96566}.Debug|Any CPU.ActiveCfg = Debug|x86
		{0161F539-19D4-4941-982B-05630CC96566}.Debug|ARM.ActiveCfg = Debug|ARM
		{0161F539-19D4-4941-982B-05630CC96566}.Debug|ARM.Build.0 = Debug|ARM
		{0161F539-19D4-4941-982B-05630CC96566}.Debug|ARM.Deploy.0 = Debug|ARM
		{0161F539-19D4-4941-982B-05630CC96566}.Debug|iPhone.ActiveCfg = Debug|x86
		{0161F539-19D4-4941-982B-05630CC96566}.Debug|iPhoneSimulator.ActiveCfg = Debug|x86
		{0161F539-19D4-4941-982B-05630CC96566}.Debug|x64.ActiveCfg = Debug|x64
		{0161F539-19D4-4941-982B-05630CC96566}.Debug|x64.Build.0 = Debug|x64
		{0161F539-19D4-4941-982B-05630CC96566}.Debug|x64.Deploy.0 = Debug|x64
		{0161F539-19D4-4941-982B-05630CC96566}.Debug|x86.ActiveCfg = Debug|x86
		{0161F539-19D4-4941-982B-05630CC96566}.Debug|x86.Build.0 = Debug|x86
		{0161F539-19D4-4941-982B-05630CC96566}.Debug|x86.Deploy.0 = Debug|x86
		{0161F539-19D4-4941-982B-05630CC96566}.Release|Any CPU.ActiveCfg = Release|x86
		{0161F539-19D4-4941-982B-05630CC96566}.Release|ARM.ActiveCfg = Release|ARM
		{0161F539-19D4-4941-982B-05630CC96566}.Release|ARM.Build.0 = Release|ARM
		{0161F539-19D4-4941-982B-05630CC96566}.Release|ARM.Deploy.0 = Release|ARM
		{0161F539-19D4-4941-982B-05630CC96566}.Release|iPhone.ActiveCfg = Release|x86
		{0161F539-19D4-4941-982B-05630CC96566}.Release|iPhoneSimulator.ActiveCfg = Release|x86
		{0161F539-19D4-4941-982B-05630CC96566}.Release|x64.ActiveCfg = Release|x64
		{0161F539-19D4-4941-982B-05630CC96566}.Release|x64.Build.0 = Release|x64
		{0161F539-19D4-4941-982B-05630CC96566}.Release|x64.Deploy.0 = Release|x64
		{0161F539-19D4-4941-982B-05630CC96566}.Release|x86.ActiveCfg = Release|x86
		{0161F539-19D4-4941-982B-05630CC96566}.Release|x86.Build.0 = Release|x86
		{0161F539-19D4-4941-982B-05630CC96566}.Release|x86.Deploy.0 = Release|x86
		{8EDC3015-756D-4BB1-93B0-9EA1AEA605CE}.Ad-Hoc|Any CPU.ActiveCfg = Release|Any CPU
		{8EDC3015-756D-4BB1-93B0-9EA1AEA605CE}.Ad-Hoc|Any CPU.Build.0 = Release|Any CPU
		{8EDC3015-756D-4BB1-93B0-9EA1AEA605CE}.Ad-Hoc|ARM.ActiveCfg = Release|Any CPU
		{8EDC3015-756D-4BB1-93B0-9EA1AEA605CE}.Ad-Hoc|ARM.Build.0 = Release|Any CPU
		{8EDC3015-756D-4BB1-93B0-9EA1AEA605CE}.Ad-Hoc|iPhone.ActiveCfg = Release|Any CPU
		{8EDC3015-756D-4BB1-93B0-9EA1AEA605CE}.Ad-Hoc|iPhone.Build.0 = Release|Any CPU
		{8EDC3015-756D-4BB1-93B0-9EA1AEA605CE}.Ad-Hoc|iPhoneSimulator.ActiveCfg = Release|Any CPU
		{8EDC3015-756D-4BB1-93B0-9EA1AEA605CE}.Ad-Hoc|iPhoneSimulator.Build.0 = Release|Any CPU
		{8EDC3015-756D-4BB1-93B0-9EA1AEA605CE}.Ad-Hoc|x64.ActiveCfg = Release|Any CPU
		{8EDC3015-756D-4BB1-93B0-9EA1AEA605CE}.Ad-Hoc|x64.Build.0 = Release|Any CPU
		{8EDC3015-756D-4BB1-93B0-9EA1AEA605CE}.Ad-Hoc|x86.ActiveCfg = Release|Any CPU
		{8EDC3015-756D-4BB1-93B0-9EA1AEA605CE}.Ad-Hoc|x86.Build.0 = Release|Any CPU
		{8EDC3015-756D-4BB1-93B0-9EA1AEA605CE}.AppStore|Any CPU.ActiveCfg = Release|Any CPU
		{8EDC3015-756D-4BB1-93B0-9EA1AEA605CE}.AppStore|Any CPU.Build.0 = Release|Any CPU
		{8EDC3015-756D-4BB1-93B0-9EA1AEA605CE}.AppStore|ARM.ActiveCfg = Release|Any CPU
		{8EDC3015-756D-4BB1-93B0-9EA1AEA605CE}.AppStore|ARM.Build.0 = Release|Any CPU
		{8EDC3015-756D-4BB1-93B0-9EA1AEA605CE}.AppStore|iPhone.ActiveCfg = Release|Any CPU
		{8EDC3015-756D-4BB1-93B0-9EA1AEA605CE}.AppStore|iPhone.Build.0 = Release|Any CPU
		{8EDC3015-756D-4BB1-93B0-9EA1AEA605CE}.AppStore|iPhoneSimulator.ActiveCfg = Release|Any CPU
		{8EDC3015-756D-4BB1-93B0-9EA1AEA605CE}.AppStore|iPhoneSimulator.Build.0 = Release|Any CPU
		{8EDC3015-756D-4BB1-93B0-9EA1AEA605CE}.AppStore|x64.ActiveCfg = Release|Any CPU
		{8EDC3015-756D-4BB1-93B0-9EA1AEA605CE}.AppStore|x64.Build.0 = Release|Any CPU
		{8EDC3015-756D-4BB1-93B0-9EA1AEA605CE}.AppStore|x86.ActiveCfg = Release|Any CPU
		{8EDC3015-756D-4BB1-93B0-9EA1AEA605CE}.AppStore|x86.Build.0 = Release|Any CPU
		{8EDC3015-756D-4BB1-93B0-9EA1AEA605CE}.Debug|Any CPU.ActiveCfg = Debug|Any CPU
		{8EDC3015-756D-4BB1-93B0-9EA1AEA605CE}.Debug|Any CPU.Build.0 = Debug|Any CPU
		{8EDC3015-756D-4BB1-93B0-9EA1AEA605CE}.Debug|ARM.ActiveCfg = Debug|Any CPU
		{8EDC3015-756D-4BB1-93B0-9EA1AEA605CE}.Debug|ARM.Build.0 = Debug|Any CPU
		{8EDC3015-756D-4BB1-93B0-9EA1AEA605CE}.Debug|iPhone.ActiveCfg = Debug|Any CPU
		{8EDC3015-756D-4BB1-93B0-9EA1AEA605CE}.Debug|iPhone.Build.0 = Debug|Any CPU
		{8EDC3015-756D-4BB1-93B0-9EA1AEA605CE}.Debug|iPhoneSimulator.ActiveCfg = Debug|Any CPU
		{8EDC3015-756D-4BB1-93B0-9EA1AEA605CE}.Debug|iPhoneSimulator.Build.0 = Debug|Any CPU
		{8EDC3015-756D-4BB1-93B0-9EA1AEA605CE}.Debug|x64.ActiveCfg = Debug|Any CPU
		{8EDC3015-756D-4BB1-93B0-9EA1AEA605CE}.Debug|x64.Build.0 = Debug|Any CPU
		{8EDC3015-756D-4BB1-93B0-9EA1AEA605CE}.Debug|x86.ActiveCfg = Debug|Any CPU
		{8EDC3015-756D-4BB1-93B0-9EA1AEA605CE}.Debug|x86.Build.0 = Debug|Any CPU
		{8EDC3015-756D-4BB1-93B0-9EA1AEA605CE}.Release|Any CPU.ActiveCfg = Release|Any CPU
		{8EDC3015-756D-4BB1-93B0-9EA1AEA605CE}.Release|Any CPU.Build.0 = Release|Any CPU
		{8EDC3015-756D-4BB1-93B0-9EA1AEA605CE}.Release|ARM.ActiveCfg = Release|Any CPU
		{8EDC3015-756D-4BB1-93B0-9EA1AEA605CE}.Release|ARM.Build.0 = Release|Any CPU
		{8EDC3015-756D-4BB1-93B0-9EA1AEA605CE}.Release|iPhone.ActiveCfg = Release|Any CPU
		{8EDC3015-756D-4BB1-93B0-9EA1AEA605CE}.Release|iPhone.Build.0 = Release|Any CPU
		{8EDC3015-756D-4BB1-93B0-9EA1AEA605CE}.Release|iPhoneSimulator.ActiveCfg = Release|Any CPU
		{8EDC3015-756D-4BB1-93B0-9EA1AEA605CE}.Release|iPhoneSimulator.Build.0 = Release|Any CPU
		{8EDC3015-756D-4BB1-93B0-9EA1AEA605CE}.Release|x64.ActiveCfg = Release|Any CPU
		{8EDC3015-756D-4BB1-93B0-9EA1AEA605CE}.Release|x64.Build.0 = Release|Any CPU
		{8EDC3015-756D-4BB1-93B0-9EA1AEA605CE}.Release|x86.ActiveCfg = Release|Any CPU
		{8EDC3015-756D-4BB1-93B0-9EA1AEA605CE}.Release|x86.Build.0 = Release|Any CPU
	EndGlobalSection
	GlobalSection(SolutionProperties) = preSolution
		HideSolutionNode = FALSE
	EndGlobalSection
	GlobalSection(ExtensibilityGlobals) = postSolution
		SolutionGuid = {F5399188-2304-4703-A27B-E19C3C4F7F2B}
	EndGlobalSection
EndGlobal
